// !$*UTF8*$!
{
	archiveVersion = 1;
	classes = {
	};
	objectVersion = 46;
	objects = {

/* Begin PBXBuildFile section */
		6DE97366922771097AE08111 /* Pods_TesteEdeploy.framework in Frameworks */ = {isa = PBXBuildFile; fileRef = 922539CEF8B8F778AF9380E7 /* Pods_TesteEdeploy.framework */; };
		8E90DD3CD3701E3DD644BB50 /* Pods_TesteEdeployTests.framework in Frameworks */ = {isa = PBXBuildFile; fileRef = 3FCA6DD1AD24E22E39B7254F /* Pods_TesteEdeployTests.framework */; };
		C32ABA041F0FD6D00097F79D /* R.generated.swift in Sources */ = {isa = PBXBuildFile; fileRef = C32ABA031F0FD6D00097F79D /* R.generated.swift */; };
		C32ABA071F0FD7840097F79D /* SearchListViewController.swift in Sources */ = {isa = PBXBuildFile; fileRef = C32ABA051F0FD7840097F79D /* SearchListViewController.swift */; };
		C32ABA081F0FD7840097F79D /* SearchListViewController.xib in Resources */ = {isa = PBXBuildFile; fileRef = C32ABA061F0FD7840097F79D /* SearchListViewController.xib */; };
		C32ABA0B1F0FD8620097F79D /* SearchListTableViewCell.swift in Sources */ = {isa = PBXBuildFile; fileRef = C32ABA091F0FD8620097F79D /* SearchListTableViewCell.swift */; };
		C32ABA0C1F0FD8620097F79D /* SearchListTableViewCell.xib in Resources */ = {isa = PBXBuildFile; fileRef = C32ABA0A1F0FD8620097F79D /* SearchListTableViewCell.xib */; };
		C32ABA1C1F100EE80097F79D /* Address.swift in Sources */ = {isa = PBXBuildFile; fileRef = C32ABA1B1F100EE80097F79D /* Address.swift */; };
		C32ABA221F10228E0097F79D /* EndPoint.strings in Resources */ = {isa = PBXBuildFile; fileRef = C32ABA211F10228E0097F79D /* EndPoint.strings */; };
		C32ABA251F1023C90097F79D /* ArrayExtension.swift in Sources */ = {isa = PBXBuildFile; fileRef = C32ABA241F1023C90097F79D /* ArrayExtension.swift */; };
		C32ABA271F1028900097F79D /* UIViewControllerExtension.swift in Sources */ = {isa = PBXBuildFile; fileRef = C32ABA261F1028900097F79D /* UIViewControllerExtension.swift */; };
		C379C56F1F0F869200EC7B15 /* BaseNavigationController.swift in Sources */ = {isa = PBXBuildFile; fileRef = C379C56E1F0F869200EC7B15 /* BaseNavigationController.swift */; };
		C379C5721F0F86F300EC7B15 /* SearchViewController.swift in Sources */ = {isa = PBXBuildFile; fileRef = C379C5701F0F86F300EC7B15 /* SearchViewController.swift */; };
		C379C5731F0F86F300EC7B15 /* SearchViewController.xib in Resources */ = {isa = PBXBuildFile; fileRef = C379C5711F0F86F300EC7B15 /* SearchViewController.xib */; };
		C379C57C1F0F8CF700EC7B15 /* Restable.swift in Sources */ = {isa = PBXBuildFile; fileRef = C379C57A1F0F8CF700EC7B15 /* Restable.swift */; };
		C379C57D1F0F8CF700EC7B15 /* RestableService.swift in Sources */ = {isa = PBXBuildFile; fileRef = C379C57B1F0F8CF700EC7B15 /* RestableService.swift */; };
		C386203C1F0F84C100DBDE24 /* AppDelegate.swift in Sources */ = {isa = PBXBuildFile; fileRef = C386203B1F0F84C100DBDE24 /* AppDelegate.swift */; };
		C38620431F0F84C100DBDE24 /* Assets.xcassets in Resources */ = {isa = PBXBuildFile; fileRef = C38620421F0F84C100DBDE24 /* Assets.xcassets */; };
		C38620461F0F84C100DBDE24 /* LaunchScreen.storyboard in Resources */ = {isa = PBXBuildFile; fileRef = C38620441F0F84C100DBDE24 /* LaunchScreen.storyboard */; };
		C38620511F0F84C100DBDE24 /* TesteEdeployTests.swift in Sources */ = {isa = PBXBuildFile; fileRef = C38620501F0F84C100DBDE24 /* TesteEdeployTests.swift */; };
		C3D4F1011F10523500B9D1AF /* AppStyle.swift in Sources */ = {isa = PBXBuildFile; fileRef = C3D4F1001F10523500B9D1AF /* AppStyle.swift */; };
		C3D4F1031F10590900B9D1AF /* SearchViewController.strings in Resources */ = {isa = PBXBuildFile; fileRef = C3D4F1021F10590900B9D1AF /* SearchViewController.strings */; };
		C3D4F1051F10592400B9D1AF /* SearchListViewController.strings in Resources */ = {isa = PBXBuildFile; fileRef = C3D4F1041F10592400B9D1AF /* SearchListViewController.strings */; };
		C3D4F1091F105A2600B9D1AF /* PontuationListViewController.swift in Sources */ = {isa = PBXBuildFile; fileRef = C3D4F1071F105A2600B9D1AF /* PontuationListViewController.swift */; };
		C3D4F10A1F105A2600B9D1AF /* PontuationListViewController.xib in Resources */ = {isa = PBXBuildFile; fileRef = C3D4F1081F105A2600B9D1AF /* PontuationListViewController.xib */; };
		C3D4F10C1F105AAE00B9D1AF /* PontuationListViewController.strings in Resources */ = {isa = PBXBuildFile; fileRef = C3D4F10B1F105AAE00B9D1AF /* PontuationListViewController.strings */; };
		C3D4F10E1F105AFD00B9D1AF /* Pontuation.swift in Sources */ = {isa = PBXBuildFile; fileRef = C3D4F10D1F105AFD00B9D1AF /* Pontuation.swift */; };
		C3D4F1101F10662A00B9D1AF /* DoubleExtension.swift in Sources */ = {isa = PBXBuildFile; fileRef = C3D4F10F1F10662A00B9D1AF /* DoubleExtension.swift */; };
/* End PBXBuildFile section */

/* Begin PBXContainerItemProxy section */
		C386204D1F0F84C100DBDE24 /* PBXContainerItemProxy */ = {
			isa = PBXContainerItemProxy;
			containerPortal = C38620301F0F84C100DBDE24 /* Project object */;
			proxyType = 1;
			remoteGlobalIDString = C38620371F0F84C100DBDE24;
			remoteInfo = TesteEdeploy;
		};
/* End PBXContainerItemProxy section */

/* Begin PBXFileReference section */
		0394D371436D99562B4B9634 /* Pods-TesteEdeployTests.debug.xcconfig */ = {isa = PBXFileReference; includeInIndex = 1; lastKnownFileType = text.xcconfig; name = "Pods-TesteEdeployTests.debug.xcconfig"; path = "Pods/Target Support Files/Pods-TesteEdeployTests/Pods-TesteEdeployTests.debug.xcconfig"; sourceTree = "<group>"; };
		3CF9830BDC00A199DD876CC9 /* Pods-TesteEdeploy.release.xcconfig */ = {isa = PBXFileReference; includeInIndex = 1; lastKnownFileType = text.xcconfig; name = "Pods-TesteEdeploy.release.xcconfig"; path = "Pods/Target Support Files/Pods-TesteEdeploy/Pods-TesteEdeploy.release.xcconfig"; sourceTree = "<group>"; };
		3FCA6DD1AD24E22E39B7254F /* Pods_TesteEdeployTests.framework */ = {isa = PBXFileReference; explicitFileType = wrapper.framework; includeInIndex = 0; path = Pods_TesteEdeployTests.framework; sourceTree = BUILT_PRODUCTS_DIR; };
		4DD98FE44BC31A2200A75319 /* Pods-TesteEdeploy.debug.xcconfig */ = {isa = PBXFileReference; includeInIndex = 1; lastKnownFileType = text.xcconfig; name = "Pods-TesteEdeploy.debug.xcconfig"; path = "Pods/Target Support Files/Pods-TesteEdeploy/Pods-TesteEdeploy.debug.xcconfig"; sourceTree = "<group>"; };
		57A2BF650540469B53706E87 /* Pods-TesteEdeployTests.release.xcconfig */ = {isa = PBXFileReference; includeInIndex = 1; lastKnownFileType = text.xcconfig; name = "Pods-TesteEdeployTests.release.xcconfig"; path = "Pods/Target Support Files/Pods-TesteEdeployTests/Pods-TesteEdeployTests.release.xcconfig"; sourceTree = "<group>"; };
		922539CEF8B8F778AF9380E7 /* Pods_TesteEdeploy.framework */ = {isa = PBXFileReference; explicitFileType = wrapper.framework; includeInIndex = 0; path = Pods_TesteEdeploy.framework; sourceTree = BUILT_PRODUCTS_DIR; };
		C32ABA031F0FD6D00097F79D /* R.generated.swift */ = {isa = PBXFileReference; fileEncoding = 4; lastKnownFileType = sourcecode.swift; path = R.generated.swift; sourceTree = SOURCE_ROOT; };
		C32ABA051F0FD7840097F79D /* SearchListViewController.swift */ = {isa = PBXFileReference; fileEncoding = 4; lastKnownFileType = sourcecode.swift; path = SearchListViewController.swift; sourceTree = "<group>"; };
		C32ABA061F0FD7840097F79D /* SearchListViewController.xib */ = {isa = PBXFileReference; fileEncoding = 4; lastKnownFileType = file.xib; path = SearchListViewController.xib; sourceTree = "<group>"; };
		C32ABA091F0FD8620097F79D /* SearchListTableViewCell.swift */ = {isa = PBXFileReference; fileEncoding = 4; lastKnownFileType = sourcecode.swift; path = SearchListTableViewCell.swift; sourceTree = "<group>"; };
		C32ABA0A1F0FD8620097F79D /* SearchListTableViewCell.xib */ = {isa = PBXFileReference; fileEncoding = 4; lastKnownFileType = file.xib; path = SearchListTableViewCell.xib; sourceTree = "<group>"; };
		C32ABA1B1F100EE80097F79D /* Address.swift */ = {isa = PBXFileReference; fileEncoding = 4; lastKnownFileType = sourcecode.swift; path = Address.swift; sourceTree = "<group>"; };
		C32ABA211F10228E0097F79D /* EndPoint.strings */ = {isa = PBXFileReference; fileEncoding = 4; lastKnownFileType = text.plist.strings; path = EndPoint.strings; sourceTree = "<group>"; };
		C32ABA241F1023C90097F79D /* ArrayExtension.swift */ = {isa = PBXFileReference; fileEncoding = 4; lastKnownFileType = sourcecode.swift; path = ArrayExtension.swift; sourceTree = "<group>"; };
		C32ABA261F1028900097F79D /* UIViewControllerExtension.swift */ = {isa = PBXFileReference; fileEncoding = 4; lastKnownFileType = sourcecode.swift; path = UIViewControllerExtension.swift; sourceTree = "<group>"; };
		C379C56E1F0F869200EC7B15 /* BaseNavigationController.swift */ = {isa = PBXFileReference; fileEncoding = 4; lastKnownFileType = sourcecode.swift; path = BaseNavigationController.swift; sourceTree = "<group>"; };
		C379C5701F0F86F300EC7B15 /* SearchViewController.swift */ = {isa = PBXFileReference; fileEncoding = 4; lastKnownFileType = sourcecode.swift; path = SearchViewController.swift; sourceTree = "<group>"; };
		C379C5711F0F86F300EC7B15 /* SearchViewController.xib */ = {isa = PBXFileReference; fileEncoding = 4; lastKnownFileType = file.xib; path = SearchViewController.xib; sourceTree = "<group>"; };
		C379C57A1F0F8CF700EC7B15 /* Restable.swift */ = {isa = PBXFileReference; fileEncoding = 4; lastKnownFileType = sourcecode.swift; path = Restable.swift; sourceTree = "<group>"; };
		C379C57B1F0F8CF700EC7B15 /* RestableService.swift */ = {isa = PBXFileReference; fileEncoding = 4; lastKnownFileType = sourcecode.swift; path = RestableService.swift; sourceTree = "<group>"; };
		C38620381F0F84C100DBDE24 /* TesteEdeploy.app */ = {isa = PBXFileReference; explicitFileType = wrapper.application; includeInIndex = 0; path = TesteEdeploy.app; sourceTree = BUILT_PRODUCTS_DIR; };
		C386203B1F0F84C100DBDE24 /* AppDelegate.swift */ = {isa = PBXFileReference; lastKnownFileType = sourcecode.swift; path = AppDelegate.swift; sourceTree = "<group>"; };
		C38620421F0F84C100DBDE24 /* Assets.xcassets */ = {isa = PBXFileReference; lastKnownFileType = folder.assetcatalog; path = Assets.xcassets; sourceTree = "<group>"; };
		C38620451F0F84C100DBDE24 /* Base */ = {isa = PBXFileReference; lastKnownFileType = file.storyboard; name = Base; path = Base.lproj/LaunchScreen.storyboard; sourceTree = "<group>"; };
		C38620471F0F84C100DBDE24 /* Info.plist */ = {isa = PBXFileReference; lastKnownFileType = text.plist.xml; path = Info.plist; sourceTree = "<group>"; };
		C386204C1F0F84C100DBDE24 /* TesteEdeployTests.xctest */ = {isa = PBXFileReference; explicitFileType = wrapper.cfbundle; includeInIndex = 0; path = TesteEdeployTests.xctest; sourceTree = BUILT_PRODUCTS_DIR; };
		C38620501F0F84C100DBDE24 /* TesteEdeployTests.swift */ = {isa = PBXFileReference; lastKnownFileType = sourcecode.swift; path = TesteEdeployTests.swift; sourceTree = "<group>"; };
		C38620521F0F84C100DBDE24 /* Info.plist */ = {isa = PBXFileReference; lastKnownFileType = text.plist.xml; path = Info.plist; sourceTree = "<group>"; };
		C3D4F1001F10523500B9D1AF /* AppStyle.swift */ = {isa = PBXFileReference; fileEncoding = 4; lastKnownFileType = sourcecode.swift; name = AppStyle.swift; path = TesteEdeploy/AppStyle.swift; sourceTree = SOURCE_ROOT; };
		C3D4F1021F10590900B9D1AF /* SearchViewController.strings */ = {isa = PBXFileReference; fileEncoding = 4; lastKnownFileType = text.plist.strings; path = SearchViewController.strings; sourceTree = "<group>"; };
		C3D4F1041F10592400B9D1AF /* SearchListViewController.strings */ = {isa = PBXFileReference; fileEncoding = 4; lastKnownFileType = text.plist.strings; path = SearchListViewController.strings; sourceTree = "<group>"; };
		C3D4F1071F105A2600B9D1AF /* PontuationListViewController.swift */ = {isa = PBXFileReference; fileEncoding = 4; lastKnownFileType = sourcecode.swift; path = PontuationListViewController.swift; sourceTree = "<group>"; };
		C3D4F1081F105A2600B9D1AF /* PontuationListViewController.xib */ = {isa = PBXFileReference; fileEncoding = 4; lastKnownFileType = file.xib; path = PontuationListViewController.xib; sourceTree = "<group>"; };
		C3D4F10B1F105AAE00B9D1AF /* PontuationListViewController.strings */ = {isa = PBXFileReference; fileEncoding = 4; lastKnownFileType = text.plist.strings; path = PontuationListViewController.strings; sourceTree = "<group>"; };
		C3D4F10D1F105AFD00B9D1AF /* Pontuation.swift */ = {isa = PBXFileReference; fileEncoding = 4; lastKnownFileType = sourcecode.swift; path = Pontuation.swift; sourceTree = "<group>"; };
		C3D4F10F1F10662A00B9D1AF /* DoubleExtension.swift */ = {isa = PBXFileReference; fileEncoding = 4; lastKnownFileType = sourcecode.swift; path = DoubleExtension.swift; sourceTree = "<group>"; };
/* End PBXFileReference section */

/* Begin PBXFrameworksBuildPhase section */
		C38620351F0F84C100DBDE24 /* Frameworks */ = {
			isa = PBXFrameworksBuildPhase;
			buildActionMask = 2147483647;
			files = (
				6DE97366922771097AE08111 /* Pods_TesteEdeploy.framework in Frameworks */,
			);
			runOnlyForDeploymentPostprocessing = 0;
		};
		C38620491F0F84C100DBDE24 /* Frameworks */ = {
			isa = PBXFrameworksBuildPhase;
			buildActionMask = 2147483647;
			files = (
				8E90DD3CD3701E3DD644BB50 /* Pods_TesteEdeployTests.framework in Frameworks */,
			);
			runOnlyForDeploymentPostprocessing = 0;
		};
/* End PBXFrameworksBuildPhase section */

/* Begin PBXGroup section */
		09C1F5A765B4F452B41193D2 /* Frameworks */ = {
			isa = PBXGroup;
			children = (
				922539CEF8B8F778AF9380E7 /* Pods_TesteEdeploy.framework */,
				3FCA6DD1AD24E22E39B7254F /* Pods_TesteEdeployTests.framework */,
			);
			name = Frameworks;
			sourceTree = "<group>";
		};
		C32AB9FD1F0FD6150097F79D /* Views */ = {
			isa = PBXGroup;
			children = (
				C32ABA091F0FD8620097F79D /* SearchListTableViewCell.swift */,
				C32ABA0A1F0FD8620097F79D /* SearchListTableViewCell.xib */,
			);
			name = Views;
			sourceTree = "<group>";
		};
		C32ABA1D1F10223F0097F79D /* Application */ = {
			isa = PBXGroup;
			children = (
				C386203B1F0F84C100DBDE24 /* AppDelegate.swift */,
				C32ABA211F10228E0097F79D /* EndPoint.strings */,
				C32ABA1F1F10225F0097F79D /* AppStyle */,
			);
			name = Application;
			sourceTree = "<group>";
		};
		C32ABA1F1F10225F0097F79D /* AppStyle */ = {
			isa = PBXGroup;
			children = (
				C3D4F1001F10523500B9D1AF /* AppStyle.swift */,
			);
			name = AppStyle;
			path = ../../PunkBeer/Punk;
			sourceTree = "<group>";
		};
		C32ABA231F1023B50097F79D /* Extensions */ = {
			isa = PBXGroup;
			children = (
				C32ABA261F1028900097F79D /* UIViewControllerExtension.swift */,
				C32ABA241F1023C90097F79D /* ArrayExtension.swift */,
				C3D4F10F1F10662A00B9D1AF /* DoubleExtension.swift */,
			);
			name = Extensions;
			sourceTree = "<group>";
		};
		C379C56D1F0F866E00EC7B15 /* Commons */ = {
			isa = PBXGroup;
			children = (
				C379C56E1F0F869200EC7B15 /* BaseNavigationController.swift */,
			);
			name = Commons;
			sourceTree = "<group>";
		};
		C379C5741F0F8AEF00EC7B15 /* Search List */ = {
			isa = PBXGroup;
			children = (
				C32ABA051F0FD7840097F79D /* SearchListViewController.swift */,
				C32ABA061F0FD7840097F79D /* SearchListViewController.xib */,
				C3D4F1041F10592400B9D1AF /* SearchListViewController.strings */,
				C32AB9FD1F0FD6150097F79D /* Views */,
			);
			name = "Search List";
			sourceTree = "<group>";
		};
		C379C5791F0F8CDE00EC7B15 /* Protocols */ = {
			isa = PBXGroup;
			children = (
				C379C57A1F0F8CF700EC7B15 /* Restable.swift */,
				C379C57B1F0F8CF700EC7B15 /* RestableService.swift */,
			);
			name = Protocols;
			sourceTree = "<group>";
		};
		C379C57E1F0F8FF200EC7B15 /* Models */ = {
			isa = PBXGroup;
			children = (
				C32ABA1B1F100EE80097F79D /* Address.swift */,
				C3D4F10D1F105AFD00B9D1AF /* Pontuation.swift */,
			);
			name = Models;
			sourceTree = "<group>";
		};
		C386202F1F0F84C100DBDE24 = {
			isa = PBXGroup;
			children = (
				C386203A1F0F84C100DBDE24 /* TesteEdeploy */,
				C386204F1F0F84C100DBDE24 /* TesteEdeployTests */,
				C38620391F0F84C100DBDE24 /* Products */,
				D0F3739A5530DD323B053E3B /* Pods */,
				09C1F5A765B4F452B41193D2 /* Frameworks */,
			);
			sourceTree = "<group>";
		};
		C38620391F0F84C100DBDE24 /* Products */ = {
			isa = PBXGroup;
			children = (
				C38620381F0F84C100DBDE24 /* TesteEdeploy.app */,
				C386204C1F0F84C100DBDE24 /* TesteEdeployTests.xctest */,
			);
			name = Products;
			sourceTree = "<group>";
		};
		C386203A1F0F84C100DBDE24 /* TesteEdeploy */ = {
			isa = PBXGroup;
			children = (
				C32ABA1D1F10223F0097F79D /* Application */,
				C38620421F0F84C100DBDE24 /* Assets.xcassets */,
				C32ABA231F1023B50097F79D /* Extensions */,
				C379C5791F0F8CDE00EC7B15 /* Protocols */,
				C379C57E1F0F8FF200EC7B15 /* Models */,
				C379C56D1F0F866E00EC7B15 /* Commons */,
				C386205C1F0F84FF00DBDE24 /* Scenes */,
				C386205B1F0F84E400DBDE24 /* Supporting Files */,
			);
			path = TesteEdeploy;
			sourceTree = "<group>";
		};
		C386204F1F0F84C100DBDE24 /* TesteEdeployTests */ = {
			isa = PBXGroup;
			children = (
				C38620501F0F84C100DBDE24 /* TesteEdeployTests.swift */,
				C38620521F0F84C100DBDE24 /* Info.plist */,
			);
			path = TesteEdeployTests;
			sourceTree = "<group>";
		};
		C386205B1F0F84E400DBDE24 /* Supporting Files */ = {
			isa = PBXGroup;
			children = (
				C32ABA031F0FD6D00097F79D /* R.generated.swift */,
				C38620441F0F84C100DBDE24 /* LaunchScreen.storyboard */,
				C38620471F0F84C100DBDE24 /* Info.plist */,
			);
			name = "Supporting Files";
			sourceTree = "<group>";
		};
		C386205C1F0F84FF00DBDE24 /* Scenes */ = {
			isa = PBXGroup;
			children = (
				C386205D1F0F852E00DBDE24 /* Search */,
				C379C5741F0F8AEF00EC7B15 /* Search List */,
				C3D4F1061F1059D100B9D1AF /* Pontuation City */,
			);
			name = Scenes;
			sourceTree = "<group>";
		};
		C386205D1F0F852E00DBDE24 /* Search */ = {
			isa = PBXGroup;
			children = (
				C379C5701F0F86F300EC7B15 /* SearchViewController.swift */,
				C379C5711F0F86F300EC7B15 /* SearchViewController.xib */,
				C3D4F1021F10590900B9D1AF /* SearchViewController.strings */,
			);
			name = Search;
			sourceTree = "<group>";
		};
		C3D4F1061F1059D100B9D1AF /* Pontuation City */ = {
			isa = PBXGroup;
			children = (
				C3D4F1071F105A2600B9D1AF /* PontuationListViewController.swift */,
				C3D4F1081F105A2600B9D1AF /* PontuationListViewController.xib */,
				C3D4F10B1F105AAE00B9D1AF /* PontuationListViewController.strings */,
			);
			name = "Pontuation City";
			sourceTree = "<group>";
		};
		D0F3739A5530DD323B053E3B /* Pods */ = {
			isa = PBXGroup;
			children = (
				4DD98FE44BC31A2200A75319 /* Pods-TesteEdeploy.debug.xcconfig */,
				3CF9830BDC00A199DD876CC9 /* Pods-TesteEdeploy.release.xcconfig */,
				0394D371436D99562B4B9634 /* Pods-TesteEdeployTests.debug.xcconfig */,
				57A2BF650540469B53706E87 /* Pods-TesteEdeployTests.release.xcconfig */,
			);
			name = Pods;
			sourceTree = "<group>";
		};
/* End PBXGroup section */

/* Begin PBXNativeTarget section */
		C38620371F0F84C100DBDE24 /* TesteEdeploy */ = {
			isa = PBXNativeTarget;
			buildConfigurationList = C38620551F0F84C100DBDE24 /* Build configuration list for PBXNativeTarget "TesteEdeploy" */;
			buildPhases = (
				9BA75C0EE179EA9607AC2EC9 /* [CP] Check Pods Manifest.lock */,
				C38620341F0F84C100DBDE24 /* Sources */,
				C38620351F0F84C100DBDE24 /* Frameworks */,
				C38620361F0F84C100DBDE24 /* Resources */,
				102BDE1D5E9580FBE5355058 /* [CP] Embed Pods Frameworks */,
				DB770E12A6D0011C08BD6733 /* [CP] Copy Pods Resources */,
				C32ABA021F0FD6B70097F79D /* Rswift */,
			);
			buildRules = (
			);
			dependencies = (
			);
			name = TesteEdeploy;
			productName = TesteEdeploy;
			productReference = C38620381F0F84C100DBDE24 /* TesteEdeploy.app */;
			productType = "com.apple.product-type.application";
		};
		C386204B1F0F84C100DBDE24 /* TesteEdeployTests */ = {
			isa = PBXNativeTarget;
			buildConfigurationList = C38620581F0F84C100DBDE24 /* Build configuration list for PBXNativeTarget "TesteEdeployTests" */;
			buildPhases = (
				07B20148BFD253422F0C561C /* [CP] Check Pods Manifest.lock */,
				C38620481F0F84C100DBDE24 /* Sources */,
				C38620491F0F84C100DBDE24 /* Frameworks */,
				C386204A1F0F84C100DBDE24 /* Resources */,
				06215E868306A471BC6AC6A3 /* [CP] Embed Pods Frameworks */,
				871B028EC551DE58F45CE6BA /* [CP] Copy Pods Resources */,
			);
			buildRules = (
			);
			dependencies = (
				C386204E1F0F84C100DBDE24 /* PBXTargetDependency */,
			);
			name = TesteEdeployTests;
			productName = TesteEdeployTests;
			productReference = C386204C1F0F84C100DBDE24 /* TesteEdeployTests.xctest */;
			productType = "com.apple.product-type.bundle.unit-test";
		};
/* End PBXNativeTarget section */

/* Begin PBXProject section */
		C38620301F0F84C100DBDE24 /* Project object */ = {
			isa = PBXProject;
			attributes = {
				LastSwiftUpdateCheck = 0830;
				LastUpgradeCheck = 0830;
				ORGANIZATIONNAME = "Diego Cavalcante";
				TargetAttributes = {
					C38620371F0F84C100DBDE24 = {
						CreatedOnToolsVersion = 8.3.2;
						ProvisioningStyle = Automatic;
					};
					C386204B1F0F84C100DBDE24 = {
						CreatedOnToolsVersion = 8.3.2;
						ProvisioningStyle = Automatic;
						TestTargetID = C38620371F0F84C100DBDE24;
					};
				};
			};
			buildConfigurationList = C38620331F0F84C100DBDE24 /* Build configuration list for PBXProject "TesteEdeploy" */;
			compatibilityVersion = "Xcode 3.2";
			developmentRegion = English;
			hasScannedForEncodings = 0;
			knownRegions = (
				en,
				Base,
			);
			mainGroup = C386202F1F0F84C100DBDE24;
			productRefGroup = C38620391F0F84C100DBDE24 /* Products */;
			projectDirPath = "";
			projectRoot = "";
			targets = (
				C38620371F0F84C100DBDE24 /* TesteEdeploy */,
				C386204B1F0F84C100DBDE24 /* TesteEdeployTests */,
			);
		};
/* End PBXProject section */

/* Begin PBXResourcesBuildPhase section */
		C38620361F0F84C100DBDE24 /* Resources */ = {
			isa = PBXResourcesBuildPhase;
			buildActionMask = 2147483647;
			files = (
				C3D4F1031F10590900B9D1AF /* SearchViewController.strings in Resources */,
				C32ABA081F0FD7840097F79D /* SearchListViewController.xib in Resources */,
				C3D4F1051F10592400B9D1AF /* SearchListViewController.strings in Resources */,
				C38620461F0F84C100DBDE24 /* LaunchScreen.storyboard in Resources */,
				C379C5731F0F86F300EC7B15 /* SearchViewController.xib in Resources */,
				C32ABA0C1F0FD8620097F79D /* SearchListTableViewCell.xib in Resources */,
				C3D4F10C1F105AAE00B9D1AF /* PontuationListViewController.strings in Resources */,
				C3D4F10A1F105A2600B9D1AF /* PontuationListViewController.xib in Resources */,
				C38620431F0F84C100DBDE24 /* Assets.xcassets in Resources */,
				C32ABA221F10228E0097F79D /* EndPoint.strings in Resources */,
			);
			runOnlyForDeploymentPostprocessing = 0;
		};
		C386204A1F0F84C100DBDE24 /* Resources */ = {
			isa = PBXResourcesBuildPhase;
			buildActionMask = 2147483647;
			files = (
			);
			runOnlyForDeploymentPostprocessing = 0;
		};
/* End PBXResourcesBuildPhase section */

/* Begin PBXShellScriptBuildPhase section */
		06215E868306A471BC6AC6A3 /* [CP] Embed Pods Frameworks */ = {
			isa = PBXShellScriptBuildPhase;
			buildActionMask = 2147483647;
			files = (
			);
			inputPaths = (
			);
			name = "[CP] Embed Pods Frameworks";
			outputPaths = (
			);
			runOnlyForDeploymentPostprocessing = 0;
			shellPath = /bin/sh;
			shellScript = "\"${SRCROOT}/Pods/Target Support Files/Pods-TesteEdeployTests/Pods-TesteEdeployTests-frameworks.sh\"\n";
			showEnvVarsInLog = 0;
		};
		07B20148BFD253422F0C561C /* [CP] Check Pods Manifest.lock */ = {
			isa = PBXShellScriptBuildPhase;
			buildActionMask = 2147483647;
			files = (
			);
			inputPaths = (
			);
			name = "[CP] Check Pods Manifest.lock";
			outputPaths = (
			);
			runOnlyForDeploymentPostprocessing = 0;
			shellPath = /bin/sh;
			shellScript = "diff \"${PODS_PODFILE_DIR_PATH}/Podfile.lock\" \"${PODS_ROOT}/Manifest.lock\" > /dev/null\nif [ $? != 0 ] ; then\n    # print error to STDERR\n    echo \"error: The sandbox is not in sync with the Podfile.lock. Run 'pod install' or update your CocoaPods installation.\" >&2\n    exit 1\nfi\n";
			showEnvVarsInLog = 0;
		};
		102BDE1D5E9580FBE5355058 /* [CP] Embed Pods Frameworks */ = {
			isa = PBXShellScriptBuildPhase;
			buildActionMask = 2147483647;
			files = (
			);
			inputPaths = (
			);
			name = "[CP] Embed Pods Frameworks";
			outputPaths = (
			);
			runOnlyForDeploymentPostprocessing = 0;
			shellPath = /bin/sh;
			shellScript = "\"${SRCROOT}/Pods/Target Support Files/Pods-TesteEdeploy/Pods-TesteEdeploy-frameworks.sh\"\n";
			showEnvVarsInLog = 0;
		};
		871B028EC551DE58F45CE6BA /* [CP] Copy Pods Resources */ = {
			isa = PBXShellScriptBuildPhase;
			buildActionMask = 2147483647;
			files = (
			);
			inputPaths = (
			);
			name = "[CP] Copy Pods Resources";
			outputPaths = (
			);
			runOnlyForDeploymentPostprocessing = 0;
			shellPath = /bin/sh;
			shellScript = "\"${SRCROOT}/Pods/Target Support Files/Pods-TesteEdeployTests/Pods-TesteEdeployTests-resources.sh\"\n";
			showEnvVarsInLog = 0;
		};
		9BA75C0EE179EA9607AC2EC9 /* [CP] Check Pods Manifest.lock */ = {
			isa = PBXShellScriptBuildPhase;
			buildActionMask = 2147483647;
			files = (
			);
			inputPaths = (
			);
			name = "[CP] Check Pods Manifest.lock";
			outputPaths = (
			);
			runOnlyForDeploymentPostprocessing = 0;
			shellPath = /bin/sh;
			shellScript = "diff \"${PODS_PODFILE_DIR_PATH}/Podfile.lock\" \"${PODS_ROOT}/Manifest.lock\" > /dev/null\nif [ $? != 0 ] ; then\n    # print error to STDERR\n    echo \"error: The sandbox is not in sync with the Podfile.lock. Run 'pod install' or update your CocoaPods installation.\" >&2\n    exit 1\nfi\n";
			showEnvVarsInLog = 0;
		};
		C32ABA021F0FD6B70097F79D /* Rswift */ = {
			isa = PBXShellScriptBuildPhase;
			buildActionMask = 2147483647;
			files = (
			);
			inputPaths = (
			);
			name = Rswift;
			outputPaths = (
			);
			runOnlyForDeploymentPostprocessing = 0;
			shellPath = /bin/sh;
			shellScript = "\"$PODS_ROOT/R.swift/rswift\" \"$SRCROOT\"";
		};
		DB770E12A6D0011C08BD6733 /* [CP] Copy Pods Resources */ = {
			isa = PBXShellScriptBuildPhase;
			buildActionMask = 2147483647;
			files = (
			);
			inputPaths = (
			);
			name = "[CP] Copy Pods Resources";
			outputPaths = (
			);
			runOnlyForDeploymentPostprocessing = 0;
			shellPath = /bin/sh;
			shellScript = "\"${SRCROOT}/Pods/Target Support Files/Pods-TesteEdeploy/Pods-TesteEdeploy-resources.sh\"\n";
			showEnvVarsInLog = 0;
		};
/* End PBXShellScriptBuildPhase section */

/* Begin PBXSourcesBuildPhase section */
		C38620341F0F84C100DBDE24 /* Sources */ = {
			isa = PBXSourcesBuildPhase;
			buildActionMask = 2147483647;
			files = (
				C3D4F1101F10662A00B9D1AF /* DoubleExtension.swift in Sources */,
				C32ABA1C1F100EE80097F79D /* Address.swift in Sources */,
				C3D4F1091F105A2600B9D1AF /* PontuationListViewController.swift in Sources */,
				C32ABA071F0FD7840097F79D /* SearchListViewController.swift in Sources */,
				C379C57C1F0F8CF700EC7B15 /* Restable.swift in Sources */,
				C3D4F1011F10523500B9D1AF /* AppStyle.swift in Sources */,
				C32ABA041F0FD6D00097F79D /* R.generated.swift in Sources */,
				C3D4F10E1F105AFD00B9D1AF /* Pontuation.swift in Sources */,
				C386203C1F0F84C100DBDE24 /* AppDelegate.swift in Sources */,
				C379C5721F0F86F300EC7B15 /* SearchViewController.swift in Sources */,
				C32ABA0B1F0FD8620097F79D /* SearchListTableViewCell.swift in Sources */,
				C32ABA271F1028900097F79D /* UIViewControllerExtension.swift in Sources */,
				C379C56F1F0F869200EC7B15 /* BaseNavigationController.swift in Sources */,
				C379C57D1F0F8CF700EC7B15 /* RestableService.swift in Sources */,
				C32ABA251F1023C90097F79D /* ArrayExtension.swift in Sources */,
			);
			runOnlyForDeploymentPostprocessing = 0;
		};
		C38620481F0F84C100DBDE24 /* Sources */ = {
			isa = PBXSourcesBuildPhase;
			buildActionMask = 2147483647;
			files = (
				C38620511F0F84C100DBDE24 /* TesteEdeployTests.swift in Sources */,
			);
			runOnlyForDeploymentPostprocessing = 0;
		};
/* End PBXSourcesBuildPhase section */

/* Begin PBXTargetDependency section */
		C386204E1F0F84C100DBDE24 /* PBXTargetDependency */ = {
			isa = PBXTargetDependency;
			target = C38620371F0F84C100DBDE24 /* TesteEdeploy */;
			targetProxy = C386204D1F0F84C100DBDE24 /* PBXContainerItemProxy */;
		};
/* End PBXTargetDependency section */

/* Begin PBXVariantGroup section */
		C38620441F0F84C100DBDE24 /* LaunchScreen.storyboard */ = {
			isa = PBXVariantGroup;
			children = (
				C38620451F0F84C100DBDE24 /* Base */,
			);
			name = LaunchScreen.storyboard;
			sourceTree = "<group>";
		};
/* End PBXVariantGroup section */

/* Begin XCBuildConfiguration section */
		C38620531F0F84C100DBDE24 /* Debug */ = {
			isa = XCBuildConfiguration;
			buildSettings = {
				ALWAYS_SEARCH_USER_PATHS = NO;
				CLANG_ANALYZER_NONNULL = YES;
				CLANG_ANALYZER_NUMBER_OBJECT_CONVERSION = YES_AGGRESSIVE;
				CLANG_CXX_LANGUAGE_STANDARD = "gnu++0x";
				CLANG_CXX_LIBRARY = "libc++";
				CLANG_ENABLE_MODULES = YES;
				CLANG_ENABLE_OBJC_ARC = YES;
				CLANG_WARN_BOOL_CONVERSION = YES;
				CLANG_WARN_CONSTANT_CONVERSION = YES;
				CLANG_WARN_DIRECT_OBJC_ISA_USAGE = YES_ERROR;
				CLANG_WARN_DOCUMENTATION_COMMENTS = YES;
				CLANG_WARN_EMPTY_BODY = YES;
				CLANG_WARN_ENUM_CONVERSION = YES;
				CLANG_WARN_INFINITE_RECURSION = YES;
				CLANG_WARN_INT_CONVERSION = YES;
				CLANG_WARN_OBJC_ROOT_CLASS = YES_ERROR;
				CLANG_WARN_SUSPICIOUS_MOVE = YES;
				CLANG_WARN_UNREACHABLE_CODE = YES;
				CLANG_WARN__DUPLICATE_METHOD_MATCH = YES;
				"CODE_SIGN_IDENTITY[sdk=iphoneos*]" = "iPhone Developer";
				COPY_PHASE_STRIP = NO;
				DEBUG_INFORMATION_FORMAT = dwarf;
				ENABLE_STRICT_OBJC_MSGSEND = YES;
				ENABLE_TESTABILITY = YES;
				GCC_C_LANGUAGE_STANDARD = gnu99;
				GCC_DYNAMIC_NO_PIC = NO;
				GCC_NO_COMMON_BLOCKS = YES;
				GCC_OPTIMIZATION_LEVEL = 0;
				GCC_PREPROCESSOR_DEFINITIONS = (
					"DEBUG=1",
					"$(inherited)",
				);
				GCC_WARN_64_TO_32_BIT_CONVERSION = YES;
				GCC_WARN_ABOUT_RETURN_TYPE = YES_ERROR;
				GCC_WARN_UNDECLARED_SELECTOR = YES;
				GCC_WARN_UNINITIALIZED_AUTOS = YES_AGGRESSIVE;
				GCC_WARN_UNUSED_FUNCTION = YES;
				GCC_WARN_UNUSED_VARIABLE = YES;
				IPHONEOS_DEPLOYMENT_TARGET = 10.3;
				MTL_ENABLE_DEBUG_INFO = YES;
				ONLY_ACTIVE_ARCH = YES;
				SDKROOT = iphoneos;
				SWIFT_ACTIVE_COMPILATION_CONDITIONS = DEBUG;
				SWIFT_OPTIMIZATION_LEVEL = "-Onone";
			};
			name = Debug;
		};
		C38620541F0F84C100DBDE24 /* Release */ = {
			isa = XCBuildConfiguration;
			buildSettings = {
				ALWAYS_SEARCH_USER_PATHS = NO;
				CLANG_ANALYZER_NONNULL = YES;
				CLANG_ANALYZER_NUMBER_OBJECT_CONVERSION = YES_AGGRESSIVE;
				CLANG_CXX_LANGUAGE_STANDARD = "gnu++0x";
				CLANG_CXX_LIBRARY = "libc++";
				CLANG_ENABLE_MODULES = YES;
				CLANG_ENABLE_OBJC_ARC = YES;
				CLANG_WARN_BOOL_CONVERSION = YES;
				CLANG_WARN_CONSTANT_CONVERSION = YES;
				CLANG_WARN_DIRECT_OBJC_ISA_USAGE = YES_ERROR;
				CLANG_WARN_DOCUMENTATION_COMMENTS = YES;
				CLANG_WARN_EMPTY_BODY = YES;
				CLANG_WARN_ENUM_CONVERSION = YES;
				CLANG_WARN_INFINITE_RECURSION = YES;
				CLANG_WARN_INT_CONVERSION = YES;
				CLANG_WARN_OBJC_ROOT_CLASS = YES_ERROR;
				CLANG_WARN_SUSPICIOUS_MOVE = YES;
				CLANG_WARN_UNREACHABLE_CODE = YES;
				CLANG_WARN__DUPLICATE_METHOD_MATCH = YES;
				"CODE_SIGN_IDENTITY[sdk=iphoneos*]" = "iPhone Developer";
				COPY_PHASE_STRIP = NO;
				DEBUG_INFORMATION_FORMAT = "dwarf-with-dsym";
				ENABLE_NS_ASSERTIONS = NO;
				ENABLE_STRICT_OBJC_MSGSEND = YES;
				GCC_C_LANGUAGE_STANDARD = gnu99;
				GCC_NO_COMMON_BLOCKS = YES;
				GCC_WARN_64_TO_32_BIT_CONVERSION = YES;
				GCC_WARN_ABOUT_RETURN_TYPE = YES_ERROR;
				GCC_WARN_UNDECLARED_SELECTOR = YES;
				GCC_WARN_UNINITIALIZED_AUTOS = YES_AGGRESSIVE;
				GCC_WARN_UNUSED_FUNCTION = YES;
				GCC_WARN_UNUSED_VARIABLE = YES;
				IPHONEOS_DEPLOYMENT_TARGET = 10.3;
				MTL_ENABLE_DEBUG_INFO = NO;
				SDKROOT = iphoneos;
				SWIFT_OPTIMIZATION_LEVEL = "-Owholemodule";
				VALIDATE_PRODUCT = YES;
			};
			name = Release;
		};
		C38620561F0F84C100DBDE24 /* Debug */ = {
			isa = XCBuildConfiguration;
			baseConfigurationReference = 4DD98FE44BC31A2200A75319 /* Pods-TesteEdeploy.debug.xcconfig */;
			buildSettings = {
				ASSETCATALOG_COMPILER_APPICON_NAME = AppIcon;
				INFOPLIST_FILE = TesteEdeploy/Info.plist;
				IPHONEOS_DEPLOYMENT_TARGET = 9.0;
				LD_RUNPATH_SEARCH_PATHS = "$(inherited) @executable_path/Frameworks";
				PRODUCT_BUNDLE_IDENTIFIER = br.com.diego.cavalcante.TesteEdeploy;
				PRODUCT_NAME = "$(TARGET_NAME)";
				SWIFT_VERSION = 3.0;
			};
			name = Debug;
		};
		C38620571F0F84C100DBDE24 /* Release */ = {
			isa = XCBuildConfiguration;
			baseConfigurationReference = 3CF9830BDC00A199DD876CC9 /* Pods-TesteEdeploy.release.xcconfig */;
			buildSettings = {
				ASSETCATALOG_COMPILER_APPICON_NAME = AppIcon;
				INFOPLIST_FILE = TesteEdeploy/Info.plist;
				IPHONEOS_DEPLOYMENT_TARGET = 9.0;
				LD_RUNPATH_SEARCH_PATHS = "$(inherited) @executable_path/Frameworks";
				PRODUCT_BUNDLE_IDENTIFIER = br.com.diego.cavalcante.TesteEdeploy;
				PRODUCT_NAME = "$(TARGET_NAME)";
				SWIFT_VERSION = 3.0;
			};
			name = Release;
		};
		C38620591F0F84C100DBDE24 /* Debug */ = {
			isa = XCBuildConfiguration;
			baseConfigurationReference = 0394D371436D99562B4B9634 /* Pods-TesteEdeployTests.debug.xcconfig */;
			buildSettings = {
				ALWAYS_EMBED_SWIFT_STANDARD_LIBRARIES = YES;
				BUNDLE_LOADER = "$(TEST_HOST)";
				INFOPLIST_FILE = TesteEdeployTests/Info.plist;
				LD_RUNPATH_SEARCH_PATHS = "$(inherited) @executable_path/Frameworks @loader_path/Frameworks";
				PRODUCT_BUNDLE_IDENTIFIER = br.com.diego.cavalcante.TesteEdeployTests;
				PRODUCT_NAME = "$(TARGET_NAME)";
				SWIFT_VERSION = 3.0;
				TEST_HOST = "$(BUILT_PRODUCTS_DIR)/TesteEdeploy.app/TesteEdeploy";
			};
			name = Debug;
		};
		C386205A1F0F84C100DBDE24 /* Release */ = {
			isa = XCBuildConfiguration;
			baseConfigurationReference = 57A2BF650540469B53706E87 /* Pods-TesteEdeployTests.release.xcconfig */;
			buildSettings = {
				ALWAYS_EMBED_SWIFT_STANDARD_LIBRARIES = YES;
				BUNDLE_LOADER = "$(TEST_HOST)";
				INFOPLIST_FILE = TesteEdeployTests/Info.plist;
				LD_RUNPATH_SEARCH_PATHS = "$(inherited) @executable_path/Frameworks @loader_path/Frameworks";
				PRODUCT_BUNDLE_IDENTIFIER = br.com.diego.cavalcante.TesteEdeployTests;
				PRODUCT_NAME = "$(TARGET_NAME)";
				SWIFT_VERSION = 3.0;
				TEST_HOST = "$(BUILT_PRODUCTS_DIR)/TesteEdeploy.app/TesteEdeploy";
			};
			name = Release;
		};
/* End XCBuildConfiguration section */

/* Begin XCConfigurationList section */
		C38620331F0F84C100DBDE24 /* Build configuration list for PBXProject "TesteEdeploy" */ = {
			isa = XCConfigurationList;
			buildConfigurations = (
				C38620531F0F84C100DBDE24 /* Debug */,
				C38620541F0F84C100DBDE24 /* Release */,
			);
			defaultConfigurationIsVisible = 0;
			defaultConfigurationName = Release;
		};
		C38620551F0F84C100DBDE24 /* Build configuration list for PBXNativeTarget "TesteEdeploy" */ = {
			isa = XCConfigurationList;
			buildConfigurations = (
				C38620561F0F84C100DBDE24 /* Debug */,
				C38620571F0F84C100DBDE24 /* Release */,
			);
			defaultConfigurationIsVisible = 0;
			defaultConfigurationName = Release;
		};
		C38620581F0F84C100DBDE24 /* Build configuration list for PBXNativeTarget "TesteEdeployTests" */ = {
			isa = XCConfigurationList;
			buildConfigurations = (
				C38620591F0F84C100DBDE24 /* Debug */,
				C386205A1F0F84C100DBDE24 /* Release */,
			);
			defaultConfigurationIsVisible = 0;
			defaultConfigurationName = Release;
		};
/* End XCConfigurationList section */
	};
	rootObject = C38620301F0F84C100DBDE24 /* Project object */;
}
